
Microsoft Visual Studio Solution File, Format Version 12.00
# Visual Studio Version 17
VisualStudioVersion = 17.7.34031.279
MinimumVisualStudioVersion = 10.0.40219.1
Project("{FAE04EC0-301F-11D3-BF4B-00C04F79EFBC}") = "Transmorg-FormsUI", "Transmorg-FormsUI\Transmorg-FormsUI.csproj", "{82916788-1154-45FC-B512-79167EA7A519}"
EndProject
Project("{FAE04EC0-301F-11D3-BF4B-00C04F79EFBC}") = "Lib-Transmorg", "Lib-Transmorg\Lib-Transmorg.csproj", "{D5AB89A4-6213-4D53-B162-A307F9C4226D}"
EndProject
Global
	GlobalSection(SolutionConfigurationPlatforms) = preSolution
		Debug|Any CPU = Debug|Any CPU
		Release|Any CPU = Release|Any CPU
	EndGlobalSection
	GlobalSection(ProjectConfigurationPlatforms) = postSolution
		{82916788-1154-45FC-B512-79167EA7A519}.Debug|Any CPU.ActiveCfg = Debug|Any CPU
		{82916788-1154-45FC-B512-79167EA7A519}.Debug|Any CPU.Build.0 = Debug|Any CPU
		{82916788-1154-45FC-B512-79167EA7A519}.Release|Any CPU.ActiveCfg = Release|Any CPU
		{82916788-1154-45FC-B512-79167EA7A519}.Release|Any CPU.Build.0 = Release|Any CPU
		{D5AB89A4-6213-4D53-B162-A307F9C4226D}.Debug|Any CPU.ActiveCfg = Debug|Any CPU
		{D5AB89A4-6213-4D53-B162-A307F9C4226D}.Debug|Any CPU.Build.0 = Debug|Any CPU
		{D5AB89A4-6213-4D53-B162-A307F9C4226D}.Release|Any CPU.ActiveCfg = Release|Any CPU
		{D5AB89A4-6213-4D53-B162-A307F9C4226D}.Release|Any CPU.Build.0 = Release|Any CPU
	EndGlobalSection
	GlobalSection(SolutionProperties) = preSolution
		HideSolutionNode = FALSE
	EndGlobalSection
	GlobalSection(ExtensibilityGlobals) = postSolution
		SolutionGuid = {A7561DC5-8F86-4168-AFDF-042434545D11}
	EndGlobalSection
EndGlobal
